
Microsoft Visual Studio Solution File, Format Version 12.00
# Visual Studio 2012
Project("{FAE04EC0-301F-11D3-BF4B-00C04F79EFBC}") = "UDP_Server", "UDP_Server\UDP_Server.csproj", "{6851B3A7-EA06-4D50-8EC2-26A09504397C}"
EndProject
Global
	GlobalSection(SolutionConfigurationPlatforms) = preSolution
		Debug|x86 = Debug|x86
		Release|x86 = Release|x86
	EndGlobalSection
	GlobalSection(ProjectConfigurationPlatforms) = postSolution
		{6851B3A7-EA06-4D50-8EC2-26A09504397C}.Debug|x86.ActiveCfg = Debug|x86
		{6851B3A7-EA06-4D50-8EC2-26A09504397C}.Debug|x86.Build.0 = Debug|x86
		{6851B3A7-EA06-4D50-8EC2-26A09504397C}.Release|x86.ActiveCfg = Release|x86
		{6851B3A7-EA06-4D50-8EC2-26A09504397C}.Release|x86.Build.0 = Release|x86
	EndGlobalSection
EndGlobal
